
Microsoft Visual Studio Solution File, Format Version 12.00
# Visual Studio Version 17
VisualStudioVersion = 17.7.34202.233
MinimumVisualStudioVersion = 10.0.40219.1
Project("{FAE04EC0-301F-11D3-BF4B-00C04F79EFBC}") = "Movies.Shared", "Movies.Shared\Movies.Shared.csproj", "{FE29EF6B-0B36-4ED3-962B-531BCD980E45}"
EndProject
Project("{2150E333-8FDC-42A3-9474-1A3956D46DE8}") = "Movies.Client", "Movies.Client", "{33829D00-4BB2-46C8-9284-623B8810A73A}"
EndProject
Project("{FAE04EC0-301F-11D3-BF4B-00C04F79EFBC}") = "Movies.Client.Windows", "Movies.Client\Movies.Client.Windows\Movies.Client.Windows.csproj", "{786357FA-8F3A-4E41-A579-E9B5037EA5BC}"
EndProject
Project("{2150E333-8FDC-42A3-9474-1A3956D46DE8}") = "Movies.API", "Movies.API", "{3BF94046-FF41-4823-B08B-706127878BF2}"
EndProject
Project("{FAE04EC0-301F-11D3-BF4B-00C04F79EFBC}") = "Movies.API", "Movies.API\Movies.API\Movies.API.csproj", "{A851E2D5-19BA-4F96-AAFE-22D9D439DB45}"
EndProject
Project("{2150E333-8FDC-42A3-9474-1A3956D46DE8}") = "Movies.Services", "Movies.Services", "{71C468FE-C10E-4ED9-988C-E29F5FD1B546}"
EndProject
Project("{FAE04EC0-301F-11D3-BF4B-00C04F79EFBC}") = "Movies.Services.Movies", "Movies.API\Movies.Services\Movies.Services.Movies\Movies.Services.Movies.csproj", "{C1F4F95D-A05F-475E-96B4-813E46F1DE8E}"
EndProject
Project("{2150E333-8FDC-42A3-9474-1A3956D46DE8}") = "Movies.Client.Services", "Movies.Client.Services", "{FAA76911-E6B1-4AD1-8B4C-086DCA6027A2}"
EndProject
Project("{FAE04EC0-301F-11D3-BF4B-00C04F79EFBC}") = "Movies.Client.Services.Movies", "Movies.Client\Movies.Client.Services\Movies.Client.Services.Movies\Movies.Client.Services.Movies.csproj", "{35F04D23-F43D-4C0D-8EC0-C8F9C64CBF2A}"
EndProject
Global
	GlobalSection(SolutionConfigurationPlatforms) = preSolution
		Debug|Any CPU = Debug|Any CPU
		Release|Any CPU = Release|Any CPU
	EndGlobalSection
	GlobalSection(ProjectConfigurationPlatforms) = postSolution
		{FE29EF6B-0B36-4ED3-962B-531BCD980E45}.Debug|Any CPU.ActiveCfg = Debug|Any CPU
		{FE29EF6B-0B36-4ED3-962B-531BCD980E45}.Debug|Any CPU.Build.0 = Debug|Any CPU
		{FE29EF6B-0B36-4ED3-962B-531BCD980E45}.Release|Any CPU.ActiveCfg = Release|Any CPU
		{FE29EF6B-0B36-4ED3-962B-531BCD980E45}.Release|Any CPU.Build.0 = Release|Any CPU
		{786357FA-8F3A-4E41-A579-E9B5037EA5BC}.Debug|Any CPU.ActiveCfg = Debug|Any CPU
		{786357FA-8F3A-4E41-A579-E9B5037EA5BC}.Debug|Any CPU.Build.0 = Debug|Any CPU
		{786357FA-8F3A-4E41-A579-E9B5037EA5BC}.Release|Any CPU.ActiveCfg = Release|Any CPU
		{786357FA-8F3A-4E41-A579-E9B5037EA5BC}.Release|Any CPU.Build.0 = Release|Any CPU
		{A851E2D5-19BA-4F96-AAFE-22D9D439DB45}.Debug|Any CPU.ActiveCfg = Debug|Any CPU
		{A851E2D5-19BA-4F96-AAFE-22D9D439DB45}.Debug|Any CPU.Build.0 = Debug|Any CPU
		{A851E2D5-19BA-4F96-AAFE-22D9D439DB45}.Release|Any CPU.ActiveCfg = Release|Any CPU
		{A851E2D5-19BA-4F96-AAFE-22D9D439DB45}.Release|Any CPU.Build.0 = Release|Any CPU
		{C1F4F95D-A05F-475E-96B4-813E46F1DE8E}.Debug|Any CPU.ActiveCfg = Debug|Any CPU
		{C1F4F95D-A05F-475E-96B4-813E46F1DE8E}.Debug|Any CPU.Build.0 = Debug|Any CPU
		{C1F4F95D-A05F-475E-96B4-813E46F1DE8E}.Release|Any CPU.ActiveCfg = Release|Any CPU
		{C1F4F95D-A05F-475E-96B4-813E46F1DE8E}.Release|Any CPU.Build.0 = Release|Any CPU
		{35F04D23-F43D-4C0D-8EC0-C8F9C64CBF2A}.Debug|Any CPU.ActiveCfg = Debug|Any CPU
		{35F04D23-F43D-4C0D-8EC0-C8F9C64CBF2A}.Debug|Any CPU.Build.0 = Debug|Any CPU
		{35F04D23-F43D-4C0D-8EC0-C8F9C64CBF2A}.Release|Any CPU.ActiveCfg = Release|Any CPU
		{35F04D23-F43D-4C0D-8EC0-C8F9C64CBF2A}.Release|Any CPU.Build.0 = Release|Any CPU
	EndGlobalSection
	GlobalSection(SolutionProperties) = preSolution
		HideSolutionNode = FALSE
	EndGlobalSection
	GlobalSection(NestedProjects) = preSolution
		{786357FA-8F3A-4E41-A579-E9B5037EA5BC} = {33829D00-4BB2-46C8-9284-623B8810A73A}
		{A851E2D5-19BA-4F96-AAFE-22D9D439DB45} = {3BF94046-FF41-4823-B08B-706127878BF2}
		{71C468FE-C10E-4ED9-988C-E29F5FD1B546} = {3BF94046-FF41-4823-B08B-706127878BF2}
		{C1F4F95D-A05F-475E-96B4-813E46F1DE8E} = {71C468FE-C10E-4ED9-988C-E29F5FD1B546}
		{FAA76911-E6B1-4AD1-8B4C-086DCA6027A2} = {33829D00-4BB2-46C8-9284-623B8810A73A}
		{35F04D23-F43D-4C0D-8EC0-C8F9C64CBF2A} = {FAA76911-E6B1-4AD1-8B4C-086DCA6027A2}
	EndGlobalSection
	GlobalSection(ExtensibilityGlobals) = postSolution
		SolutionGuid = {BCB5C07F-AB52-4F2B-AF66-11D781735837}
	EndGlobalSection
EndGlobal
